// !$*UTF8*$!
{
	archiveVersion = 1;
	classes = {
	};
	objectVersion = 56;
	objects = {

/* Begin PBXBuildFile section */
		C220531E28B8EFBE005EA707 /* AppDelegate.swift in Sources */ = {isa = PBXBuildFile; fileRef = C220531D28B8EFBE005EA707 /* AppDelegate.swift */; };
		C220532028B8EFBE005EA707 /* SceneDelegate.swift in Sources */ = {isa = PBXBuildFile; fileRef = C220531F28B8EFBE005EA707 /* SceneDelegate.swift */; };
		C220532528B8EFBE005EA707 /* Main.storyboard in Resources */ = {isa = PBXBuildFile; fileRef = C220532328B8EFBE005EA707 /* Main.storyboard */; };
		C220532828B8EFBE005EA707 /* PPL.xcdatamodeld in Sources */ = {isa = PBXBuildFile; fileRef = C220532628B8EFBE005EA707 /* PPL.xcdatamodeld */; };
		C220532A28B8EFC3005EA707 /* Assets.xcassets in Resources */ = {isa = PBXBuildFile; fileRef = C220532928B8EFC3005EA707 /* Assets.xcassets */; };
		C220532D28B8EFC3005EA707 /* LaunchScreen.storyboard in Resources */ = {isa = PBXBuildFile; fileRef = C220532B28B8EFC3005EA707 /* LaunchScreen.storyboard */; };
		C220533C28B8F70E005EA707 /* ExerciseCell.swift in Sources */ = {isa = PBXBuildFile; fileRef = C220533B28B8F70E005EA707 /* ExerciseCell.swift */; };
		C253415928C1EE2000A3C94D /* QuoteController.swift in Sources */ = {isa = PBXBuildFile; fileRef = C253415828C1EE2000A3C94D /* QuoteController.swift */; };
		C253415B28C1EE9300A3C94D /* QuoteModel.swift in Sources */ = {isa = PBXBuildFile; fileRef = C253415A28C1EE9300A3C94D /* QuoteModel.swift */; };
		C253415D28C1F01D00A3C94D /* QuoteManager.swift in Sources */ = {isa = PBXBuildFile; fileRef = C253415C28C1F01D00A3C94D /* QuoteManager.swift */; };
		C28610FF28BCA00D0025BEAC /* Keyboard+Extensions.swift in Sources */ = {isa = PBXBuildFile; fileRef = C28610FE28BCA00D0025BEAC /* Keyboard+Extensions.swift */; };
		C286110128BCA4C40025BEAC /* TimerController.swift in Sources */ = {isa = PBXBuildFile; fileRef = C286110028BCA4C40025BEAC /* TimerController.swift */; };
		C286110528BCA9100025BEAC /* SessionsCell.swift in Sources */ = {isa = PBXBuildFile; fileRef = C286110428BCA9100025BEAC /* SessionsCell.swift */; };
		C2E3CF0328BF85CA00A0082C /* ExerciseController.swift in Sources */ = {isa = PBXBuildFile; fileRef = C2E3CF0228BF85CA00A0082C /* ExerciseController.swift */; };
		C2E3CF0528BF85DC00A0082C /* SessionController.swift in Sources */ = {isa = PBXBuildFile; fileRef = C2E3CF0428BF85DC00A0082C /* SessionController.swift */; };
		C2E3CF0928BF9F9900A0082C /* CoreDataManager.swift in Sources */ = {isa = PBXBuildFile; fileRef = C2E3CF0828BF9F9900A0082C /* CoreDataManager.swift */; };
		C2E3CF0D28BFA86200A0082C /* CalendarController.swift in Sources */ = {isa = PBXBuildFile; fileRef = C2E3CF0C28BFA86200A0082C /* CalendarController.swift */; };
		C2EF04F328C0C21000579FF0 /* WSRCell.swift in Sources */ = {isa = PBXBuildFile; fileRef = C2EF04F228C0C21000579FF0 /* WSRCell.swift */; };
/* End PBXBuildFile section */

/* Begin PBXFileReference section */
		C220531A28B8EFBE005EA707 /* PPL.app */ = {isa = PBXFileReference; explicitFileType = wrapper.application; includeInIndex = 0; path = PPL.app; sourceTree = BUILT_PRODUCTS_DIR; };
		C220531D28B8EFBE005EA707 /* AppDelegate.swift */ = {isa = PBXFileReference; lastKnownFileType = sourcecode.swift; path = AppDelegate.swift; sourceTree = "<group>"; };
		C220531F28B8EFBE005EA707 /* SceneDelegate.swift */ = {isa = PBXFileReference; lastKnownFileType = sourcecode.swift; path = SceneDelegate.swift; sourceTree = "<group>"; };
		C220532428B8EFBE005EA707 /* Base */ = {isa = PBXFileReference; lastKnownFileType = file.storyboard; name = Base; path = Base.lproj/Main.storyboard; sourceTree = "<group>"; };
		C220532728B8EFBE005EA707 /* PPL.xcdatamodel */ = {isa = PBXFileReference; lastKnownFileType = wrapper.xcdatamodel; path = PPL.xcdatamodel; sourceTree = "<group>"; };
		C220532928B8EFC3005EA707 /* Assets.xcassets */ = {isa = PBXFileReference; lastKnownFileType = folder.assetcatalog; path = Assets.xcassets; sourceTree = "<group>"; };
		C220532C28B8EFC3005EA707 /* Base */ = {isa = PBXFileReference; lastKnownFileType = file.storyboard; name = Base; path = Base.lproj/LaunchScreen.storyboard; sourceTree = "<group>"; };
		C220532E28B8EFC3005EA707 /* Info.plist */ = {isa = PBXFileReference; lastKnownFileType = text.plist.xml; path = Info.plist; sourceTree = "<group>"; };
		C220533B28B8F70E005EA707 /* ExerciseCell.swift */ = {isa = PBXFileReference; lastKnownFileType = sourcecode.swift; path = ExerciseCell.swift; sourceTree = "<group>"; };
		C253415828C1EE2000A3C94D /* QuoteController.swift */ = {isa = PBXFileReference; lastKnownFileType = sourcecode.swift; path = QuoteController.swift; sourceTree = "<group>"; };
		C253415A28C1EE9300A3C94D /* QuoteModel.swift */ = {isa = PBXFileReference; lastKnownFileType = sourcecode.swift; path = QuoteModel.swift; sourceTree = "<group>"; };
		C253415C28C1F01D00A3C94D /* QuoteManager.swift */ = {isa = PBXFileReference; lastKnownFileType = sourcecode.swift; path = QuoteManager.swift; sourceTree = "<group>"; };
		C28610FE28BCA00D0025BEAC /* Keyboard+Extensions.swift */ = {isa = PBXFileReference; lastKnownFileType = sourcecode.swift; path = "Keyboard+Extensions.swift"; sourceTree = "<group>"; };
		C286110028BCA4C40025BEAC /* TimerController.swift */ = {isa = PBXFileReference; lastKnownFileType = sourcecode.swift; path = TimerController.swift; sourceTree = "<group>"; };
		C286110428BCA9100025BEAC /* SessionsCell.swift */ = {isa = PBXFileReference; lastKnownFileType = sourcecode.swift; path = SessionsCell.swift; sourceTree = "<group>"; };
		C2E3CF0228BF85CA00A0082C /* ExerciseController.swift */ = {isa = PBXFileReference; lastKnownFileType = sourcecode.swift; path = ExerciseController.swift; sourceTree = "<group>"; };
		C2E3CF0428BF85DC00A0082C /* SessionController.swift */ = {isa = PBXFileReference; lastKnownFileType = sourcecode.swift; path = SessionController.swift; sourceTree = "<group>"; };
		C2E3CF0828BF9F9900A0082C /* CoreDataManager.swift */ = {isa = PBXFileReference; lastKnownFileType = sourcecode.swift; path = CoreDataManager.swift; sourceTree = "<group>"; };
		C2E3CF0C28BFA86200A0082C /* CalendarController.swift */ = {isa = PBXFileReference; lastKnownFileType = sourcecode.swift; path = CalendarController.swift; sourceTree = "<group>"; };
		C2EF04F228C0C21000579FF0 /* WSRCell.swift */ = {isa = PBXFileReference; lastKnownFileType = sourcecode.swift; path = WSRCell.swift; sourceTree = "<group>"; };
/* End PBXFileReference section */

/* Begin PBXFrameworksBuildPhase section */
		C220531728B8EFBE005EA707 /* Frameworks */ = {
			isa = PBXFrameworksBuildPhase;
			buildActionMask = 2147483647;
			files = (
			);
			runOnlyForDeploymentPostprocessing = 0;
		};
/* End PBXFrameworksBuildPhase section */

/* Begin PBXGroup section */
		C220531128B8EFBE005EA707 = {
			isa = PBXGroup;
			children = (
				C220531C28B8EFBE005EA707 /* PPL */,
				C220531B28B8EFBE005EA707 /* Products */,
			);
			sourceTree = "<group>";
		};
		C220531B28B8EFBE005EA707 /* Products */ = {
			isa = PBXGroup;
			children = (
				C220531A28B8EFBE005EA707 /* PPL.app */,
			);
			name = Products;
			sourceTree = "<group>";
		};
		C220531C28B8EFBE005EA707 /* PPL */ = {
			isa = PBXGroup;
			children = (
				C220533728B8F632005EA707 /* Models */,
				C220533628B8F62C005EA707 /* Views */,
				C220533528B8F625005EA707 /* Controllers */,
				C220533428B8F61D005EA707 /* Resources */,
				C28610FD28BC9FD00025BEAC /* Extensions */,
				C220531D28B8EFBE005EA707 /* AppDelegate.swift */,
				C220531F28B8EFBE005EA707 /* SceneDelegate.swift */,
				C220532E28B8EFC3005EA707 /* Info.plist */,
			);
			path = PPL;
			sourceTree = "<group>";
		};
		C220533428B8F61D005EA707 /* Resources */ = {
			isa = PBXGroup;
			children = (
				C220532928B8EFC3005EA707 /* Assets.xcassets */,
			);
			path = Resources;
			sourceTree = "<group>";
		};
		C220533528B8F625005EA707 /* Controllers */ = {
			isa = PBXGroup;
			children = (
				C286110028BCA4C40025BEAC /* TimerController.swift */,
				C2E3CF0228BF85CA00A0082C /* ExerciseController.swift */,
				C2E3CF0428BF85DC00A0082C /* SessionController.swift */,
				C2E3CF0C28BFA86200A0082C /* CalendarController.swift */,
				C253415828C1EE2000A3C94D /* QuoteController.swift */,
			);
			path = Controllers;
			sourceTree = "<group>";
		};
		C220533628B8F62C005EA707 /* Views */ = {
			isa = PBXGroup;
			children = (
				C220532328B8EFBE005EA707 /* Main.storyboard */,
				C220532B28B8EFC3005EA707 /* LaunchScreen.storyboard */,
				C220533828B8F63C005EA707 /* Cells */,
			);
			path = Views;
			sourceTree = "<group>";
		};
		C220533728B8F632005EA707 /* Models */ = {
			isa = PBXGroup;
			children = (
				C220532628B8EFBE005EA707 /* PPL.xcdatamodeld */,
				C2E3CF0828BF9F9900A0082C /* CoreDataManager.swift */,
				C253415A28C1EE9300A3C94D /* QuoteModel.swift */,
				C253415C28C1F01D00A3C94D /* QuoteManager.swift */,
			);
			path = Models;
			sourceTree = "<group>";
		};
		C220533828B8F63C005EA707 /* Cells */ = {
			isa = PBXGroup;
			children = (
				C220533B28B8F70E005EA707 /* ExerciseCell.swift */,
				C286110428BCA9100025BEAC /* SessionsCell.swift */,
				C2EF04F228C0C21000579FF0 /* WSRCell.swift */,
			);
			path = Cells;
			sourceTree = "<group>";
		};
		C28610FD28BC9FD00025BEAC /* Extensions */ = {
			isa = PBXGroup;
			children = (
				C28610FE28BCA00D0025BEAC /* Keyboard+Extensions.swift */,
			);
			path = Extensions;
			sourceTree = "<group>";
		};
/* End PBXGroup section */

/* Begin PBXNativeTarget section */
		C220531928B8EFBE005EA707 /* PPL */ = {
			isa = PBXNativeTarget;
			buildConfigurationList = C220533128B8EFC3005EA707 /* Build configuration list for PBXNativeTarget "PPL" */;
			buildPhases = (
				C220531628B8EFBE005EA707 /* Sources */,
				C220531728B8EFBE005EA707 /* Frameworks */,
				C220531828B8EFBE005EA707 /* Resources */,
			);
			buildRules = (
			);
			dependencies = (
			);
			name = PPL;
			productName = PPL;
			productReference = C220531A28B8EFBE005EA707 /* PPL.app */;
			productType = "com.apple.product-type.application";
		};
/* End PBXNativeTarget section */

/* Begin PBXProject section */
		C220531228B8EFBE005EA707 /* Project object */ = {
			isa = PBXProject;
			attributes = {
				BuildIndependentTargetsInParallel = 1;
				LastSwiftUpdateCheck = 1400;
				LastUpgradeCheck = 1400;
				TargetAttributes = {
					C220531928B8EFBE005EA707 = {
						CreatedOnToolsVersion = 14.0;
					};
				};
			};
			buildConfigurationList = C220531528B8EFBE005EA707 /* Build configuration list for PBXProject "PPL" */;
			compatibilityVersion = "Xcode 14.0";
			developmentRegion = en;
			hasScannedForEncodings = 0;
			knownRegions = (
				en,
				Base,
			);
			mainGroup = C220531128B8EFBE005EA707;
			productRefGroup = C220531B28B8EFBE005EA707 /* Products */;
			projectDirPath = "";
			projectRoot = "";
			targets = (
				C220531928B8EFBE005EA707 /* PPL */,
			);
		};
/* End PBXProject section */

/* Begin PBXResourcesBuildPhase section */
		C220531828B8EFBE005EA707 /* Resources */ = {
			isa = PBXResourcesBuildPhase;
			buildActionMask = 2147483647;
			files = (
				C220532D28B8EFC3005EA707 /* LaunchScreen.storyboard in Resources */,
				C220532A28B8EFC3005EA707 /* Assets.xcassets in Resources */,
				C220532528B8EFBE005EA707 /* Main.storyboard in Resources */,
			);
			runOnlyForDeploymentPostprocessing = 0;
		};
/* End PBXResourcesBuildPhase section */

/* Begin PBXSourcesBuildPhase section */
		C220531628B8EFBE005EA707 /* Sources */ = {
			isa = PBXSourcesBuildPhase;
			buildActionMask = 2147483647;
			files = (
				C253415B28C1EE9300A3C94D /* QuoteModel.swift in Sources */,
				C253415928C1EE2000A3C94D /* QuoteController.swift in Sources */,
				C28610FF28BCA00D0025BEAC /* Keyboard+Extensions.swift in Sources */,
				C2E3CF0D28BFA86200A0082C /* CalendarController.swift in Sources */,
				C220532828B8EFBE005EA707 /* PPL.xcdatamodeld in Sources */,
				C286110128BCA4C40025BEAC /* TimerController.swift in Sources */,
				C253415D28C1F01D00A3C94D /* QuoteManager.swift in Sources */,
				C2E3CF0328BF85CA00A0082C /* ExerciseController.swift in Sources */,
				C220531E28B8EFBE005EA707 /* AppDelegate.swift in Sources */,
				C220532028B8EFBE005EA707 /* SceneDelegate.swift in Sources */,
				C220533C28B8F70E005EA707 /* ExerciseCell.swift in Sources */,
				C286110528BCA9100025BEAC /* SessionsCell.swift in Sources */,
				C2E3CF0528BF85DC00A0082C /* SessionController.swift in Sources */,
				C2E3CF0928BF9F9900A0082C /* CoreDataManager.swift in Sources */,
				C2EF04F328C0C21000579FF0 /* WSRCell.swift in Sources */,
			);
			runOnlyForDeploymentPostprocessing = 0;
		};
/* End PBXSourcesBuildPhase section */

/* Begin PBXVariantGroup section */
		C220532328B8EFBE005EA707 /* Main.storyboard */ = {
			isa = PBXVariantGroup;
			children = (
				C220532428B8EFBE005EA707 /* Base */,
			);
			name = Main.storyboard;
			sourceTree = "<group>";
		};
		C220532B28B8EFC3005EA707 /* LaunchScreen.storyboard */ = {
			isa = PBXVariantGroup;
			children = (
				C220532C28B8EFC3005EA707 /* Base */,
			);
			name = LaunchScreen.storyboard;
			sourceTree = "<group>";
		};
/* End PBXVariantGroup section */

/* Begin XCBuildConfiguration section */
		C220532F28B8EFC3005EA707 /* Debug */ = {
			isa = XCBuildConfiguration;
			buildSettings = {
				ALWAYS_SEARCH_USER_PATHS = NO;
				CLANG_ANALYZER_NONNULL = YES;
				CLANG_ANALYZER_NUMBER_OBJECT_CONVERSION = YES_AGGRESSIVE;
				CLANG_CXX_LANGUAGE_STANDARD = "gnu++20";
				CLANG_ENABLE_MODULES = YES;
				CLANG_ENABLE_OBJC_ARC = YES;
				CLANG_ENABLE_OBJC_WEAK = YES;
				CLANG_WARN_BLOCK_CAPTURE_AUTORELEASING = YES;
				CLANG_WARN_BOOL_CONVERSION = YES;
				CLANG_WARN_COMMA = YES;
				CLANG_WARN_CONSTANT_CONVERSION = YES;
				CLANG_WARN_DEPRECATED_OBJC_IMPLEMENTATIONS = YES;
				CLANG_WARN_DIRECT_OBJC_ISA_USAGE = YES_ERROR;
				CLANG_WARN_DOCUMENTATION_COMMENTS = YES;
				CLANG_WARN_EMPTY_BODY = YES;
				CLANG_WARN_ENUM_CONVERSION = YES;
				CLANG_WARN_INFINITE_RECURSION = YES;
				CLANG_WARN_INT_CONVERSION = YES;
				CLANG_WARN_NON_LITERAL_NULL_CONVERSION = YES;
				CLANG_WARN_OBJC_IMPLICIT_RETAIN_SELF = YES;
				CLANG_WARN_OBJC_LITERAL_CONVERSION = YES;
				CLANG_WARN_OBJC_ROOT_CLASS = YES_ERROR;
				CLANG_WARN_QUOTED_INCLUDE_IN_FRAMEWORK_HEADER = YES;
				CLANG_WARN_RANGE_LOOP_ANALYSIS = YES;
				CLANG_WARN_STRICT_PROTOTYPES = YES;
				CLANG_WARN_SUSPICIOUS_MOVE = YES;
				CLANG_WARN_UNGUARDED_AVAILABILITY = YES_AGGRESSIVE;
				CLANG_WARN_UNREACHABLE_CODE = YES;
				CLANG_WARN__DUPLICATE_METHOD_MATCH = YES;
				COPY_PHASE_STRIP = NO;
				DEBUG_INFORMATION_FORMAT = dwarf;
				ENABLE_STRICT_OBJC_MSGSEND = YES;
				ENABLE_TESTABILITY = YES;
				GCC_C_LANGUAGE_STANDARD = gnu11;
				GCC_DYNAMIC_NO_PIC = NO;
				GCC_NO_COMMON_BLOCKS = YES;
				GCC_OPTIMIZATION_LEVEL = 0;
				GCC_PREPROCESSOR_DEFINITIONS = (
					"DEBUG=1",
					"$(inherited)",
				);
				GCC_WARN_64_TO_32_BIT_CONVERSION = YES;
				GCC_WARN_ABOUT_RETURN_TYPE = YES_ERROR;
				GCC_WARN_UNDECLARED_SELECTOR = YES;
				GCC_WARN_UNINITIALIZED_AUTOS = YES_AGGRESSIVE;
				GCC_WARN_UNUSED_FUNCTION = YES;
				GCC_WARN_UNUSED_VARIABLE = YES;
				IPHONEOS_DEPLOYMENT_TARGET = 16.0;
				MTL_ENABLE_DEBUG_INFO = INCLUDE_SOURCE;
				MTL_FAST_MATH = YES;
				ONLY_ACTIVE_ARCH = YES;
				SDKROOT = iphoneos;
				SWIFT_ACTIVE_COMPILATION_CONDITIONS = DEBUG;
				SWIFT_OPTIMIZATION_LEVEL = "-Onone";
			};
			name = Debug;
		};
		C220533028B8EFC3005EA707 /* Release */ = {
			isa = XCBuildConfiguration;
			buildSettings = {
				ALWAYS_SEARCH_USER_PATHS = NO;
				CLANG_ANALYZER_NONNULL = YES;
				CLANG_ANALYZER_NUMBER_OBJECT_CONVERSION = YES_AGGRESSIVE;
				CLANG_CXX_LANGUAGE_STANDARD = "gnu++20";
				CLANG_ENABLE_MODULES = YES;
				CLANG_ENABLE_OBJC_ARC = YES;
				CLANG_ENABLE_OBJC_WEAK = YES;
				CLANG_WARN_BLOCK_CAPTURE_AUTORELEASING = YES;
				CLANG_WARN_BOOL_CONVERSION = YES;
				CLANG_WARN_COMMA = YES;
				CLANG_WARN_CONSTANT_CONVERSION = YES;
				CLANG_WARN_DEPRECATED_OBJC_IMPLEMENTATIONS = YES;
				CLANG_WARN_DIRECT_OBJC_ISA_USAGE = YES_ERROR;
				CLANG_WARN_DOCUMENTATION_COMMENTS = YES;
				CLANG_WARN_EMPTY_BODY = YES;
				CLANG_WARN_ENUM_CONVERSION = YES;
				CLANG_WARN_INFINITE_RECURSION = YES;
				CLANG_WARN_INT_CONVERSION = YES;
				CLANG_WARN_NON_LITERAL_NULL_CONVERSION = YES;
				CLANG_WARN_OBJC_IMPLICIT_RETAIN_SELF = YES;
				CLANG_WARN_OBJC_LITERAL_CONVERSION = YES;
				CLANG_WARN_OBJC_ROOT_CLASS = YES_ERROR;
				CLANG_WARN_QUOTED_INCLUDE_IN_FRAMEWORK_HEADER = YES;
				CLANG_WARN_RANGE_LOOP_ANALYSIS = YES;
				CLANG_WARN_STRICT_PROTOTYPES = YES;
				CLANG_WARN_SUSPICIOUS_MOVE = YES;
				CLANG_WARN_UNGUARDED_AVAILABILITY = YES_AGGRESSIVE;
				CLANG_WARN_UNREACHABLE_CODE = YES;
				CLANG_WARN__DUPLICATE_METHOD_MATCH = YES;
				COPY_PHASE_STRIP = NO;
				DEBUG_INFORMATION_FORMAT = "dwarf-with-dsym";
				ENABLE_NS_ASSERTIONS = NO;
				ENABLE_STRICT_OBJC_MSGSEND = YES;
				GCC_C_LANGUAGE_STANDARD = gnu11;
				GCC_NO_COMMON_BLOCKS = YES;
				GCC_WARN_64_TO_32_BIT_CONVERSION = YES;
				GCC_WARN_ABOUT_RETURN_TYPE = YES_ERROR;
				GCC_WARN_UNDECLARED_SELECTOR = YES;
				GCC_WARN_UNINITIALIZED_AUTOS = YES_AGGRESSIVE;
				GCC_WARN_UNUSED_FUNCTION = YES;
				GCC_WARN_UNUSED_VARIABLE = YES;
				IPHONEOS_DEPLOYMENT_TARGET = 16.0;
				MTL_ENABLE_DEBUG_INFO = NO;
				MTL_FAST_MATH = YES;
				SDKROOT = iphoneos;
				SWIFT_COMPILATION_MODE = wholemodule;
				SWIFT_OPTIMIZATION_LEVEL = "-O";
				VALIDATE_PRODUCT = YES;
			};
			name = Release;
		};
		C220533228B8EFC3005EA707 /* Debug */ = {
			isa = XCBuildConfiguration;
			buildSettings = {
				ASSETCATALOG_COMPILER_APPICON_NAME = AppIcon;
				ASSETCATALOG_COMPILER_GLOBAL_ACCENT_COLOR_NAME = AccentColor;
				CODE_SIGN_STYLE = Automatic;
				CURRENT_PROJECT_VERSION = 1;
				DEVELOPMENT_TEAM = BL54WB62T6;
				GENERATE_INFOPLIST_FILE = YES;
				INFOPLIST_FILE = PPL/Info.plist;
				INFOPLIST_KEY_CFBundleDisplayName = "Gym Tracker";
				INFOPLIST_KEY_UIApplicationSupportsIndirectInputEvents = YES;
				INFOPLIST_KEY_UILaunchStoryboardName = LaunchScreen;
				INFOPLIST_KEY_UIMainStoryboardFile = Main;
				INFOPLIST_KEY_UISupportedInterfaceOrientations_iPad = "UIInterfaceOrientationPortrait UIInterfaceOrientationPortraitUpsideDown UIInterfaceOrientationLandscapeLeft UIInterfaceOrientationLandscapeRight";
				INFOPLIST_KEY_UISupportedInterfaceOrientations_iPhone = "UIInterfaceOrientationPortrait UIInterfaceOrientationLandscapeLeft UIInterfaceOrientationLandscapeRight";
				LD_RUNPATH_SEARCH_PATHS = (
					"$(inherited)",
					"@executable_path/Frameworks",
				);
				MARKETING_VERSION = 1.0;
				PRODUCT_BUNDLE_IDENTIFIER = com.boshoffcorp.PPL;
				PRODUCT_NAME = "$(TARGET_NAME)";
				SWIFT_EMIT_LOC_STRINGS = YES;
				SWIFT_VERSION = 5.0;
				TARGETED_DEVICE_FAMILY = "1,2";
			};
			name = Debug;
		};
		C220533328B8EFC3005EA707 /* Release */ = {
			isa = XCBuildConfiguration;
			buildSettings = {
				ASSETCATALOG_COMPILER_APPICON_NAME = AppIcon;
				ASSETCATALOG_COMPILER_GLOBAL_ACCENT_COLOR_NAME = AccentColor;
				CODE_SIGN_STYLE = Automatic;
				CURRENT_PROJECT_VERSION = 1;
				DEVELOPMENT_TEAM = BL54WB62T6;
				GENERATE_INFOPLIST_FILE = YES;
				INFOPLIST_FILE = PPL/Info.plist;
				INFOPLIST_KEY_CFBundleDisplayName = "Gym Tracker";
				INFOPLIST_KEY_UIApplicationSupportsIndirectInputEvents = YES;
				INFOPLIST_KEY_UILaunchStoryboardName = LaunchScreen;
				INFOPLIST_KEY_UIMainStoryboardFile = Main;
				INFOPLIST_KEY_UISupportedInterfaceOrientations_iPad = "UIInterfaceOrientationPortrait UIInterfaceOrientationPortraitUpsideDown UIInterfaceOrientationLandscapeLeft UIInterfaceOrientationLandscapeRight";
				INFOPLIST_KEY_UISupportedInterfaceOrientations_iPhone = "UIInterfaceOrientationPortrait UIInterfaceOrientationLandscapeLeft UIInterfaceOrientationLandscapeRight";
				LD_RUNPATH_SEARCH_PATHS = (
					"$(inherited)",
					"@executable_path/Frameworks",
				);
				MARKETING_VERSION = 1.0;
				PRODUCT_BUNDLE_IDENTIFIER = com.boshoffcorp.PPL;
				PRODUCT_NAME = "$(TARGET_NAME)";
				SWIFT_EMIT_LOC_STRINGS = YES;
				SWIFT_VERSION = 5.0;
				TARGETED_DEVICE_FAMILY = "1,2";
			};
			name = Release;
		};
/* End XCBuildConfiguration section */

/* Begin XCConfigurationList section */
		C220531528B8EFBE005EA707 /* Build configuration list for PBXProject "PPL" */ = {
			isa = XCConfigurationList;
			buildConfigurations = (
				C220532F28B8EFC3005EA707 /* Debug */,
				C220533028B8EFC3005EA707 /* Release */,
			);
			defaultConfigurationIsVisible = 0;
			defaultConfigurationName = Release;
		};
		C220533128B8EFC3005EA707 /* Build configuration list for PBXNativeTarget "PPL" */ = {
			isa = XCConfigurationList;
			buildConfigurations = (
				C220533228B8EFC3005EA707 /* Debug */,
				C220533328B8EFC3005EA707 /* Release */,
			);
			defaultConfigurationIsVisible = 0;
			defaultConfigurationName = Release;
		};
/* End XCConfigurationList section */

/* Begin XCVersionGroup section */
		C220532628B8EFBE005EA707 /* PPL.xcdatamodeld */ = {
			isa = XCVersionGroup;
			children = (
				C220532728B8EFBE005EA707 /* PPL.xcdatamodel */,
			);
			currentVersion = C220532728B8EFBE005EA707 /* PPL.xcdatamodel */;
			path = PPL.xcdatamodeld;
			sourceTree = "<group>";
			versionGroupType = wrapper.xcdatamodel;
		};
/* End XCVersionGroup section */
	};
	rootObject = C220531228B8EFBE005EA707 /* Project object */;
}
